<?xml version="1.0" encoding="utf-8"?>
<Project xmlns="http://schemas.microsoft.com/developer/msbuild/2003" ToolsVersion="4.0">
  <ItemGroup>
    <Filter Include="Header Files">
      <UniqueIdentifier>{4D1BFFCC-9CEB-4ABF-A951-582870FE71FD}</UniqueIdentifier>
      <Extensions>h;hpp;hxx;hm;inl;inc;xsd</Extensions>
    </Filter>
    <Filter Include="Header Files\TouchGFX">
      <UniqueIdentifier>{29C60541-803D-4F43-8683-028D9DA5E0CB}</UniqueIdentifier>
    </Filter>
    <Filter Include="Header Files\TouchGFX\common">
      <UniqueIdentifier>{AF2BF67C-89EC-4545-B0D2-5BD6803628D4}</UniqueIdentifier>
    </Filter>
    <Filter Include="Header Files\TouchGFX\mvp">
      <UniqueIdentifier>{A8F51E02-A400-49F1-AC86-371872A7E5E6}</UniqueIdentifier>
    </Filter>
    <Filter Include="Header Files\TouchGFX\platform">
      <UniqueIdentifier>{493CF637-721C-4516-8638-3EE4790FB455}</UniqueIdentifier>
    </Filter>
    <Filter Include="Header Files\TouchGFX\touchgfx">
      <UniqueIdentifier>{7187028B-6482-4EB3-8556-EECD38E0636B}</UniqueIdentifier>
    </Filter>
    <Filter Include="Header Files\TouchGFX\platform\driver">
      <UniqueIdentifier>{D2E6B448-6B79-434F-A8EB-C8F8415957E9}</UniqueIdentifier>
    </Filter>
    <Filter Include="Header Files\TouchGFX\platform\hal">
      <UniqueIdentifier>{07737357-9365-4A8F-B2F6-908B5FC4E808}</UniqueIdentifier>
    </Filter>
    <Filter Include="Header Files\TouchGFX\touchgfx\canvas_widget_renderer">
      <UniqueIdentifier>{085B248B-6BE1-4BF8-9913-35526BAEE4C7}</UniqueIdentifier>
    </Filter>
    <Filter Include="Header Files\TouchGFX\touchgfx\containers">
      <UniqueIdentifier>{E08C6B18-2F0E-4861-87D5-80FB0411017E}</UniqueIdentifier>
    </Filter>
    <Filter Include="Header Files\TouchGFX\touchgfx\events">
      <UniqueIdentifier>{29D72404-E5CB-472C-B00F-3784DF3CCD1E}</UniqueIdentifier>
    </Filter>
    <Filter Include="Header Files\TouchGFX\touchgfx\hal">
      <UniqueIdentifier>{09561B72-532B-45EB-8E32-CAA31C349F83}</UniqueIdentifier>
    </Filter>
    <Filter Include="Header Files\TouchGFX\touchgfx\lcd">
      <UniqueIdentifier>{A89B6308-CBC1-48EC-BF14-B3C6106FACCE}</UniqueIdentifier>
    </Filter>
    <Filter Include="Header Files\TouchGFX\touchgfx\mixins">
      <UniqueIdentifier>{DB82A963-BE52-4494-BD5E-358C5E79C081}</UniqueIdentifier>
    </Filter>
    <Filter Include="Header Files\TouchGFX\touchgfx\transforms">
      <UniqueIdentifier>{509E01BB-FBF4-4198-B748-936C1B67839A}</UniqueIdentifier>
    </Filter>
    <Filter Include="Header Files\TouchGFX\touchgfx\transitions">
      <UniqueIdentifier>{3F023E56-225A-4D4C-9D20-74447A23BAD9}</UniqueIdentifier>
    </Filter>
    <Filter Include="Header Files\TouchGFX\touchgfx\widgets">
      <UniqueIdentifier>{0E9A8FD3-B71B-46B9-B1F6-3A18292FFAC4}</UniqueIdentifier>
    </Filter>
    <Filter Include="Header Files\TouchGFX\platform\driver\lcd">
      <UniqueIdentifier>{9B32A742-EBA9-4EBA-832E-0421D7E68BC5}</UniqueIdentifier>
    </Filter>
    <Filter Include="Header Files\TouchGFX\platform\driver\touch">
      <UniqueIdentifier>{8C31441B-2191-4B32-869D-7B253AECB28F}</UniqueIdentifier>
    </Filter>
    <Filter Include="Header Files\TouchGFX\platform\hal\simulator">
      <UniqueIdentifier>{464CC9FB-AFF6-4FFA-B4D8-BCAC4B2B8898}</UniqueIdentifier>
    </Filter>
    <Filter Include="Header Files\TouchGFX\touchgfx\containers\clock">
      <UniqueIdentifier>{B7237C13-DD69-4F78-8446-9A554431E3F8}</UniqueIdentifier>
    </Filter>
    <Filter Include="Header Files\TouchGFX\touchgfx\containers\progress_indicators">
      <UniqueIdentifier>{5E0E884F-0059-4306-94BA-3197219750E3}</UniqueIdentifier>
    </Filter>
    <Filter Include="Header Files\TouchGFX\touchgfx\widgets\canvas">
      <UniqueIdentifier>{DBFF640A-BD63-40BC-A0A5-2468BC461037}</UniqueIdentifier>
    </Filter>
    <Filter Include="Header Files\TouchGFX\platform\hal\simulator\sdl2">
      <UniqueIdentifier>{EA3962C0-553C-4CFD-A89B-A116A9493818}</UniqueIdentifier>
    </Filter>
    <Filter Include="Header Files\generated">
      <UniqueIdentifier>{29C60541-803D-4F44-8783-028D9DA5E0CC}</UniqueIdentifier>
    </Filter>
    <Filter Include="Header Files\generated\simulator">
      <UniqueIdentifier>{29C60541-803D-4F43-8683-028D9DA5E0CC}</UniqueIdentifier>
    </Filter>
    <Filter Include="Resource Files">
      <UniqueIdentifier>{92BBFF14-FBDB-4755-BA47-A830D863D92B}</UniqueIdentifier>
      <Extensions>rc;ico;cur;bmp;dlg;rc2;rct;bin;rgs;gif;jpg;jpeg;jpe;resx;tiff;tif;ttf;otf;bdf;png;wav;xml;props;mfcribbon-ms</Extensions>
    </Filter>
    <Filter Include="Resource Files\assets">
      <UniqueIdentifier>{AF899B0F-78BE-47F9-A912-E92CB9156E40}</UniqueIdentifier>
    </Filter>
    <Filter Include="Resource Files\config">
      <UniqueIdentifier>{29E8A9F8-6504-4625-AB47-671A3F665E51}</UniqueIdentifier>
    </Filter>
    <Filter Include="Resource Files\assets\texts">
      <UniqueIdentifier>{382278FD-2B19-4E89-AE4F-24AF77E7A270}</UniqueIdentifier>
    </Filter>
    <Filter Include="Resource Files\config\msvs">
      <UniqueIdentifier>{C24EAEDB-9A3F-43DC-87FB-C7AC2729A078}</UniqueIdentifier>
    </Filter>
    <Filter Include="Source Files">
      <UniqueIdentifier>{2F3FC0AA-97C4-4366-9939-94A0FF4E028C}</UniqueIdentifier>
      <Extensions>cpp;c;cc;cxx;def;odl;idl;hpj;bat;asm;asmx</Extensions>
    </Filter>
    <Filter Include="Source Files\TouchGFX">
      <UniqueIdentifier>{C07B02A9-A55E-47AA-AD61-59A6AAD754E6}</UniqueIdentifier>
    </Filter>
    <Filter Include="Source Files\TouchGFX\platform">
      <UniqueIdentifier>{33EDC2DB-AF72-480C-92E5-2A2833BCAB6F}</UniqueIdentifier>
    </Filter>
    <Filter Include="Source Files\TouchGFX\platform\driver">
      <UniqueIdentifier>{1D8EFD90-430A-4539-9080-16A38861D20A}</UniqueIdentifier>
    </Filter>
    <Filter Include="Source Files\TouchGFX\platform\hal">
      <UniqueIdentifier>{E8DECBF2-0C8E-4397-8603-3101D6F922D6}</UniqueIdentifier>
    </Filter>
    <Filter Include="Source Files\TouchGFX\platform\driver\touch">
      <UniqueIdentifier>{40F0D55D-79D9-488A-AF83-ADC96179EADF}</UniqueIdentifier>
    </Filter>
    <Filter Include="Source Files\TouchGFX\platform\hal\simulator">
      <UniqueIdentifier>{3FB50DD5-31DA-4042-B7FD-2151C58CDA80}</UniqueIdentifier>
    </Filter>
    <Filter Include="Source Files\TouchGFX\platform\hal\simulator\sdl2">
      <UniqueIdentifier>{B48CB42B-0F9E-4815-BFE1-1ACC1150ED8A}</UniqueIdentifier>
    </Filter>
    <Filter Include="Source Files\simulator">
      <UniqueIdentifier>{C07B03A9-A55E-47AA-AD61-59A6AAD754E6}</UniqueIdentifier>
    </Filter>
    <Filter Include="Source Files\generated">
      <UniqueIdentifier>{C07B02B9-A55E-47AB-AD61-59A6AAD754E6}</UniqueIdentifier>
    </Filter>
    <Filter Include="Source Files\generated\simulator">
      <UniqueIdentifier>{C07B02B9-A55E-47AA-AD61-59A6AAD754E6}</UniqueIdentifier>
    </Filter>
    <Filter Include="Header Files\gui">
      <UniqueIdentifier>46A1B8AA-F396-EA6D-BC57-F3DFBE24F4F0</UniqueIdentifier>
    </Filter>
    <Filter Include="Source Files\gui">
      <UniqueIdentifier>087376AD-C9D0-3720-3634-96A90B8DF2A0</UniqueIdentifier>
    </Filter>
    <Filter Include="Header Files\generated\gui_generated">
      <UniqueIdentifier>C9EDDB00-1B39-3E49-90EE-6B376A8CF00C</UniqueIdentifier>
    </Filter>
    <Filter Include="Header Files\gui\common">
      <UniqueIdentifier>A6EF93A6-8272-E26A-0ADB-A1A76CFCE0CD</UniqueIdentifier>
    </Filter>
    <Filter Include="Header Files\gui\calculator_screen">
      <UniqueIdentifier>67510752-618E-EE3D-9E0C-18D1F64BDE5A</UniqueIdentifier>
    </Filter>
    <Filter Include="Source Files\generated\gui_generated">
      <UniqueIdentifier>DD319928-CE6A-D804-B94D-0637CD330580</UniqueIdentifier>
    </Filter>
    <Filter Include="Header Files\gui\model">
      <UniqueIdentifier>8BB3F0D4-009A-E41F-230A-C940C58014F0</UniqueIdentifier>
    </Filter>
    <Filter Include="Source Files\gui\common">
      <UniqueIdentifier>F2A6D81B-CD28-2725-970F-93A09F62B7CC</UniqueIdentifier>
    </Filter>
    <Filter Include="Source Files\gui\calculator_screen">
      <UniqueIdentifier>A687AFC8-56D6-B04D-D417-EEABDAC44A4D</UniqueIdentifier>
    </Filter>
    <Filter Include="Source Files\gui\model">
      <UniqueIdentifier>7A98B1A4-72A9-680F-4450-30D94B8BDAE8</UniqueIdentifier>
    </Filter>
    <Filter Include="Source Files\generated\gui_generated\common">
      <UniqueIdentifier>4587C020-74A7-4824-BB4C-5983CDFD575C</UniqueIdentifier>
    </Filter>
    <Filter Include="Header Files\generated\gui_generated\calculator_screen">
      <UniqueIdentifier>84C3E045-F3D6-1B7B-91D6-DE58F48105AB</UniqueIdentifier>
    </Filter>
    <Filter Include="Header Files\generated\simulator\include">
      <UniqueIdentifier>0CE6EE38-3AB2-73E9-C46B-4842E713A9D3</UniqueIdentifier>
    </Filter>
    <Filter Include="Header Files\generated\gui_generated\common">
      <UniqueIdentifier>B07CB937-47FD-4DE7-E08A-239E0B057E2B</UniqueIdentifier>
    </Filter>
    <Filter Include="Source Files\generated\gui_generated\calculator_screen">
      <UniqueIdentifier>5A2F48AA-2FCC-879B-6797-39DB7F0DB56D</UniqueIdentifier>
    </Filter>
    <Filter Include="Source Files\generated\simulator\video">
      <UniqueIdentifier>6E4D9D0F-1D8E-956A-4B07-4139FD3ACF1C</UniqueIdentifier>
    </Filter>
    <Filter Include="Header Files\generated\simulator\include\simulator">
      <UniqueIdentifier>9C50FE77-B900-D404-3D20-A4F37D149087</UniqueIdentifier>
    </Filter>
    <Filter Include="Header Files\generated\simulator\include\simulator\video">
      <UniqueIdentifier>66DDC4AB-EE39-AD64-7D4B-5C5615F3D40C</UniqueIdentifier>
    </Filter>
    <Filter Include="Header Files\gui\menu_screen">
      <UniqueIdentifier>34C4A3B6-15DD-5CB4-F41B-DF840DCAB341</UniqueIdentifier>
    </Filter>
    <Filter Include="Source Files\gui\menu_screen">
      <UniqueIdentifier>2E91C079-B647-16DC-2007-0033533D1D73</UniqueIdentifier>
    </Filter>
    <Filter Include="Header Files\generated\gui_generated\menu_screen">
      <UniqueIdentifier>537A08E7-28FB-4551-97B1-0B9D9FAD29B8</UniqueIdentifier>
    </Filter>
    <Filter Include="Source Files\generated\gui_generated\menu_screen">
      <UniqueIdentifier>C750AC2D-7C49-7270-3FC7-270BB17ED092</UniqueIdentifier>
    </Filter>
    <Filter Include="Source Files\gui\screenviteza_screen">
      <UniqueIdentifier>831B5A61-FC99-4373-7D95-3A1D25A56FBC</UniqueIdentifier>
    </Filter>
    <Filter Include="Header Files\gui\screenviteza_screen">
      <UniqueIdentifier>1B141A96-3AD1-CAE7-DE4D-088D05D2A416</UniqueIdentifier>
    </Filter>
    <Filter Include="Source Files\generated\gui_generated\screenviteza_screen">
      <UniqueIdentifier>0ED95B1D-872D-9C25-2073-BEEEAAC0A618</UniqueIdentifier>
    </Filter>
    <Filter Include="Header Files\generated\gui_generated\screenviteza_screen">
      <UniqueIdentifier>BED65684-477F-FD40-7434-61008F6FA8A9</UniqueIdentifier>
    </Filter>
    <Filter Include="Source Files\gui\screenlistlayot_screen">
      <UniqueIdentifier>B2C3D186-7D48-E4D4-97CC-48760CA8C930</UniqueIdentifier>
    </Filter>
    <Filter Include="Header Files\gui\screenlistlayot_screen">
      <UniqueIdentifier>7C482025-B38E-2019-FD7B-1F2A6F34AB53</UniqueIdentifier>
    </Filter>
    <Filter Include="Header Files\generated\gui_generated\screenlistlayot_screen">
      <UniqueIdentifier>21C13BC6-4176-A7A8-AA0A-E570662A53BA</UniqueIdentifier>
    </Filter>
    <Filter Include="Source Files\generated\gui_generated\screenlistlayot_screen">
      <UniqueIdentifier>C1388748-6E92-607A-4915-160A8D83053F</UniqueIdentifier>
    </Filter>
    <Filter Include="Header Files\gui\screenlistlayot_1_screen">
      <UniqueIdentifier>42C94D8E-861D-65B4-361C-9AA970733318</UniqueIdentifier>
    </Filter>
    <Filter Include="Source Files\gui\screenlistlayot_1_screen">
      <UniqueIdentifier>39D32FE0-5785-5075-8AC0-2736DCB8BA15</UniqueIdentifier>
    </Filter>
    <Filter Include="Header Files\generated\gui_generated\screenlistlayot_1_screen">
      <UniqueIdentifier>39DFC775-FA7F-E812-A3D2-BC1F4DD5E642</UniqueIdentifier>
    </Filter>
    <Filter Include="Source Files\generated\gui_generated\screenlistlayot_1_screen">
      <UniqueIdentifier>5095672C-7481-0EB0-230A-774261721FC8</UniqueIdentifier>
    </Filter>
    <Filter Include="Source Files\gui\screentimp_screen">
      <UniqueIdentifier>91786FF6-89C4-ECF5-ACB7-7A9F432E492B</UniqueIdentifier>
    </Filter>
    <Filter Include="Header Files\gui\screentimp_screen">
      <UniqueIdentifier>69B866AD-19F0-EB33-50AF-5C9AD669F02E</UniqueIdentifier>
    </Filter>
    <Filter Include="Header Files\generated\gui_generated\screentimp_screen">
      <UniqueIdentifier>7BA1438D-ECF6-08B5-CC07-53510D2B215F</UniqueIdentifier>
    </Filter>
    <Filter Include="Source Files\generated\gui_generated\screentimp_screen">
      <UniqueIdentifier>E541240F-2043-A98F-7D81-C1472472AEC2</UniqueIdentifier>
    </Filter>
    <Filter Include="Source Files\gui\screenlisttimp_screen">
      <UniqueIdentifier>FF01113B-8F53-B29A-3708-B2F8EB0C86D8</UniqueIdentifier>
    </Filter>
    <Filter Include="Header Files\gui\screenlisttimp_screen">
      <UniqueIdentifier>633E7E27-ECFD-0559-B004-D58CC7F4AB14</UniqueIdentifier>
    </Filter>
    <Filter Include="Header Files\generated\gui_generated\screenlisttimp_screen">
      <UniqueIdentifier>DB474568-DDB1-12AD-4455-B61EBEBDE89D</UniqueIdentifier>
    </Filter>
    <Filter Include="Source Files\generated\gui_generated\screenlisttimp_screen">
      <UniqueIdentifier>31315B6C-BE7F-45A2-BECE-CACA3F2B0952</UniqueIdentifier>
    </Filter>
    <Filter Include="Source Files\gui\screenlisttimp_1_screen">
      <UniqueIdentifier>0537E400-44A2-F84B-35D0-F90D21762F41</UniqueIdentifier>
    </Filter>
    <Filter Include="Header Files\gui\screenlisttimp_1_screen">
      <UniqueIdentifier>8B805258-C4CE-ADDA-520A-9ED54D3D5030</UniqueIdentifier>
    </Filter>
    <Filter Include="Header Files\generated\gui_generated\screenlisttimp_1_screen">
      <UniqueIdentifier>C9A5253D-FFEC-0CD7-CB2F-E538ADB797EB</UniqueIdentifier>
    </Filter>
    <Filter Include="Source Files\generated\gui_generated\screenlisttimp_1_screen">
      <UniqueIdentifier>F48C9E86-8FDD-9F0A-0B93-94290E6310E5</UniqueIdentifier>
    </Filter>
    <Filter Include="Header Files\gui\screenlistmasa_screen">
      <UniqueIdentifier>244B4179-68B8-43C4-3A22-34529C826EBF</UniqueIdentifier>
    </Filter>
    <Filter Include="Source Files\gui\screenlistmasa_screen">
      <UniqueIdentifier>8EDB87DE-0EF4-F56B-60D4-EFF6B1C1F9BB</UniqueIdentifier>
    </Filter>
    <Filter Include="Header Files\gui\screengreutate_screen">
      <UniqueIdentifier>44FC8228-C574-1C1C-9381-A709DE5779A8</UniqueIdentifier>
    </Filter>
    <Filter Include="Source Files\gui\screengreutate_screen">
      <UniqueIdentifier>3E2F8464-C3F6-CE07-9701-5F9F9D1BB10A</UniqueIdentifier>
    </Filter>
    <Filter Include="Source Files\generated\gui_generated\screenlistmasa_screen">
      <UniqueIdentifier>19FF0FB5-7CE4-BC35-313E-80EAE5A5B266</UniqueIdentifier>
    </Filter>
    <Filter Include="Header Files\generated\gui_generated\screengreutate_screen">
      <UniqueIdentifier>E44D97C2-A282-3243-8164-E0856E556D34</UniqueIdentifier>
    </Filter>
    <Filter Include="Source Files\generated\gui_generated\screengreutate_screen">
      <UniqueIdentifier>B2CE98AE-0BFE-597F-D69D-D3BC5E321F1F</UniqueIdentifier>
    </Filter>
    <Filter Include="Header Files\generated\gui_generated\screenlistmasa_screen">
      <UniqueIdentifier>18E4E7FC-DF38-ECFB-25D8-B78177D588B3</UniqueIdentifier>
    </Filter>
    <Filter Include="Header Files\gui\screenlistmasa_1_screen">
      <UniqueIdentifier>5632DEE1-56DA-4319-1668-16794566F87A</UniqueIdentifier>
    </Filter>
    <Filter Include="Source Files\gui\screenlistmasa_1_screen">
      <UniqueIdentifier>E40E7815-08E1-BAF9-E6F7-C9F8F55C6613</UniqueIdentifier>
    </Filter>
    <Filter Include="Header Files\generated\gui_generated\screenlistmasa_1_screen">
      <UniqueIdentifier>01C6076F-75A1-0C7C-22EC-3FE02D22364D</UniqueIdentifier>
    </Filter>
    <Filter Include="Source Files\generated\gui_generated\screenlistmasa_1_screen">
      <UniqueIdentifier>66811250-8576-59F1-0C16-E1DD0ECF6D5A</UniqueIdentifier>
    </Filter>
    <Filter Include="Header Files\gui\screenlistlungime_screen">
      <UniqueIdentifier>6BEAF670-48B5-B760-877A-AEA060B9C06B</UniqueIdentifier>
    </Filter>
    <Filter Include="Source Files\gui\screenlistlungime_screen">
      <UniqueIdentifier>3D300AB3-5B9A-7A95-99BB-30E85D7B4215</UniqueIdentifier>
    </Filter>
    <Filter Include="Source Files\gui\screenlungime_screen">
      <UniqueIdentifier>74E302DF-A0AA-ACEA-3D0A-BDCC8FF793B8</UniqueIdentifier>
    </Filter>
    <Filter Include="Header Files\gui\screenlungime_screen">
      <UniqueIdentifier>3F106302-E828-E0E7-F994-976E37255B79</UniqueIdentifier>
    </Filter>
    <Filter Include="Header Files\generated\gui_generated\screenlungime_screen">
      <UniqueIdentifier>BA232C99-EF1A-BF10-B258-4C8FDD123BF9</UniqueIdentifier>
    </Filter>
    <Filter Include="Source Files\generated\gui_generated\screenlungime_screen">
      <UniqueIdentifier>63AF32FF-B452-6AC9-83DB-69F74627B1AE</UniqueIdentifier>
    </Filter>
    <Filter Include="Header Files\generated\gui_generated\screenlistlungime_screen">
      <UniqueIdentifier>DCB4EED6-C9A2-91BD-24C0-8D1AFF601FE4</UniqueIdentifier>
    </Filter>
    <Filter Include="Source Files\generated\gui_generated\screenlistlungime_screen">
      <UniqueIdentifier>6FCBBBE1-5243-4F93-6707-DD14DA8D90EE</UniqueIdentifier>
    </Filter>
    <Filter Include="Header Files\gui\screenlistlungime_1_screen">
      <UniqueIdentifier>0638A116-3F73-2B36-3933-F1B4C93F0E2C</UniqueIdentifier>
    </Filter>
    <Filter Include="Source Files\gui\screenlistlungime_1_screen">
      <UniqueIdentifier>46F97725-76CA-F4F0-172F-41E1C00C9FF7</UniqueIdentifier>
    </Filter>
    <Filter Include="Header Files\generated\gui_generated\screenlistlungime_1_screen">
      <UniqueIdentifier>0B6EE41A-CF7C-F3A0-8DD8-C42B86D285A9</UniqueIdentifier>
    </Filter>
    <Filter Include="Source Files\generated\gui_generated\screenlistlungime_1_screen">
      <UniqueIdentifier>03CE3686-B75E-2B06-310F-D0A4A7E72ACB</UniqueIdentifier>
    </Filter>
  </ItemGroup>
  <ItemGroup>
    <ClCompile Include="$(TouchGFXReleasePath)\framework\source\platform\driver\touch\SDL2TouchController.cpp">
      <Filter>Source Files\TouchGFX\platform\driver\touch</Filter>
    </ClCompile>
    <ClCompile Include="$(TouchGFXReleasePath)\framework\source\platform\hal\simulator\sdl2\HALSDL2.cpp">
      <Filter>Source Files\TouchGFX\platform\hal\simulator\sdl2</Filter>
    </ClCompile>
    <ClCompile Include="$(TouchGFXReleasePath)\framework\source\platform\hal\simulator\sdl2\HALSDL2_icon.cpp">
      <Filter>Source Files\TouchGFX\platform\hal\simulator\sdl2</Filter>
    </ClCompile>
    <ClCompile Include="$(TouchGFXReleasePath)\framework\source\platform\hal\simulator\sdl2\OSWrappers.cpp">
      <Filter>Source Files\TouchGFX\platform\hal\simulator\sdl2</Filter>
    </ClCompile>
    <ClCompile Include="$(ApplicationRoot)\simulator\main.cpp">
      <Filter>Source Files\simulator</Filter>
    </ClCompile>
    <ClCompile Include="$(ApplicationRoot)\generated\simulator\src\mainBase.cpp">
      <Filter>Source Files\generated\simulator</Filter>
    </ClCompile>
    <ClCompile Include="..\..\gui\src\calculator_screen\CalculatorPresenter.cpp">
      <Filter>Source Files\gui\calculator_screen</Filter>
    </ClCompile>
    <ClCompile Include="..\..\gui\src\calculator_screen\CalculatorView.cpp">
      <Filter>Source Files\gui\calculator_screen</Filter>
    </ClCompile>
    <ClCompile Include="..\..\generated\gui_generated\src\calculator_screen\CalculatorViewBase.cpp">
      <Filter>Source Files\generated\gui_generated\calculator_screen</Filter>
    </ClCompile>
    <ClCompile Include="..\..\gui\src\common\FrontendApplication.cpp">
      <Filter>Source Files\gui\common</Filter>
    </ClCompile>
    <ClCompile Include="..\..\generated\gui_generated\src\common\FrontendApplicationBase.cpp">
      <Filter>Source Files\generated\gui_generated\common</Filter>
    </ClCompile>
    <ClCompile Include="..\..\gui\src\model\Model.cpp">
      <Filter>Source Files\gui\model</Filter>
    </ClCompile>
    <ClCompile Include="..\..\generated\simulator\src\video\SoftwareMJPEGDecoder.cpp">
      <Filter>Source Files\generated\simulator\video</Filter>
    </ClCompile>
    <ClCompile Include="..\..\gui\src\menu_screen\MenuPresenter.cpp">
      <Filter>Source Files\gui\menu_screen</Filter>
    </ClCompile>
    <ClCompile Include="..\..\gui\src\menu_screen\MenuView.cpp">
      <Filter>Source Files\gui\menu_screen</Filter>
    </ClCompile>
    <ClCompile Include="..\..\generated\gui_generated\src\menu_screen\MenuViewBase.cpp">
      <Filter>Source Files\generated\gui_generated\menu_screen</Filter>
    </ClCompile>
    <ClCompile Include="..\..\gui\src\screenviteza_screen\ScreenVitezaPresenter.cpp">
      <Filter>Source Files\gui\screenviteza_screen</Filter>
    </ClCompile>
    <ClCompile Include="..\..\gui\src\screenviteza_screen\ScreenVitezaView.cpp">
      <Filter>Source Files\gui\screenviteza_screen</Filter>
    </ClCompile>
    <ClCompile Include="..\..\generated\gui_generated\src\screenviteza_screen\ScreenVitezaViewBase.cpp">
      <Filter>Source Files\generated\gui_generated\screenviteza_screen</Filter>
    </ClCompile>
    <ClCompile Include="..\..\gui\src\screenlistlayot_screen\ScreenListLayotPresenter.cpp">
      <Filter>Source Files\gui\screenlistlayot_screen</Filter>
    </ClCompile>
    <ClCompile Include="..\..\gui\src\screenlistlayot_screen\ScreenListLayotView.cpp">
      <Filter>Source Files\gui\screenlistlayot_screen</Filter>
    </ClCompile>
    <ClCompile Include="..\..\generated\gui_generated\src\screenlistlayot_screen\ScreenListLayotViewBase.cpp">
      <Filter>Source Files\generated\gui_generated\screenlistlayot_screen</Filter>
    </ClCompile>
    <ClCompile Include="..\..\gui\src\screenlistlayot_1_screen\ScreenListLayot_1Presenter.cpp">
      <Filter>Source Files\gui\screenlistlayot_1_screen</Filter>
    </ClCompile>
    <ClCompile Include="..\..\gui\src\screenlistlayot_1_screen\ScreenListLayot_1View.cpp">
      <Filter>Source Files\gui\screenlistlayot_1_screen</Filter>
    </ClCompile>
    <ClCompile Include="..\..\generated\gui_generated\src\screenlistlayot_1_screen\ScreenListLayot_1ViewBase.cpp">
      <Filter>Source Files\generated\gui_generated\screenlistlayot_1_screen</Filter>
    </ClCompile>
    <ClCompile Include="..\..\gui\src\screentimp_screen\ScreenTimpPresenter.cpp">
      <Filter>Source Files\gui\screentimp_screen</Filter>
    </ClCompile>
    <ClCompile Include="..\..\gui\src\screentimp_screen\ScreenTimpView.cpp">
      <Filter>Source Files\gui\screentimp_screen</Filter>
    </ClCompile>
    <ClCompile Include="..\..\generated\gui_generated\src\screentimp_screen\ScreenTimpViewBase.cpp">
      <Filter>Source Files\generated\gui_generated\screentimp_screen</Filter>
    </ClCompile>
    <ClCompile Include="..\..\gui\src\screenlisttimp_screen\ScreenListTimpPresenter.cpp">
      <Filter>Source Files\gui\screenlisttimp_screen</Filter>
    </ClCompile>
    <ClCompile Include="..\..\gui\src\screenlisttimp_screen\ScreenListTimpView.cpp">
      <Filter>Source Files\gui\screenlisttimp_screen</Filter>
    </ClCompile>
    <ClCompile Include="..\..\generated\gui_generated\src\screenlisttimp_screen\ScreenListTimpViewBase.cpp">
      <Filter>Source Files\generated\gui_generated\screenlisttimp_screen</Filter>
    </ClCompile>
    <ClCompile Include="..\..\gui\src\screenlisttimp_1_screen\ScreenListTimp_1Presenter.cpp">
      <Filter>Source Files\gui\screenlisttimp_1_screen</Filter>
    </ClCompile>
    <ClCompile Include="..\..\gui\src\screenlisttimp_1_screen\ScreenListTimp_1View.cpp">
      <Filter>Source Files\gui\screenlisttimp_1_screen</Filter>
    </ClCompile>
    <ClCompile Include="..\..\generated\gui_generated\src\screenlisttimp_1_screen\ScreenListTimp_1ViewBase.cpp">
      <Filter>Source Files\generated\gui_generated\screenlisttimp_1_screen</Filter>
    </ClCompile>
    <ClCompile Include="..\..\gui\src\screengreutate_screen\ScreenGreutatePresenter.cpp">
      <Filter>Source Files\gui\screengreutate_screen</Filter>
    </ClCompile>
    <ClCompile Include="..\..\gui\src\screengreutate_screen\ScreenGreutateView.cpp">
      <Filter>Source Files\gui\screengreutate_screen</Filter>
    </ClCompile>
    <ClCompile Include="..\..\generated\gui_generated\src\screengreutate_screen\ScreenGreutateViewBase.cpp">
      <Filter>Source Files\generated\gui_generated\screengreutate_screen</Filter>
    </ClCompile>
    <ClCompile Include="..\..\gui\src\screenlistmasa_screen\ScreenListMasaPresenter.cpp">
      <Filter>Source Files\gui\screenlistmasa_screen</Filter>
    </ClCompile>
    <ClCompile Include="..\..\gui\src\screenlistmasa_screen\ScreenListMasaView.cpp">
      <Filter>Source Files\gui\screenlistmasa_screen</Filter>
    </ClCompile>
    <ClCompile Include="..\..\generated\gui_generated\src\screenlistmasa_screen\ScreenListMasaViewBase.cpp">
      <Filter>Source Files\generated\gui_generated\screenlistmasa_screen</Filter>
    </ClCompile>
    <ClCompile Include="..\..\gui\src\screenlistmasa_1_screen\ScreenListMasa_1Presenter.cpp">
      <Filter>Source Files\gui\screenlistmasa_1_screen</Filter>
    </ClCompile>
    <ClCompile Include="..\..\gui\src\screenlistmasa_1_screen\ScreenListMasa_1View.cpp">
      <Filter>Source Files\gui\screenlistmasa_1_screen</Filter>
    </ClCompile>
    <ClCompile Include="..\..\generated\gui_generated\src\screenlistmasa_1_screen\ScreenListMasa_1ViewBase.cpp">
      <Filter>Source Files\generated\gui_generated\screenlistmasa_1_screen</Filter>
    </ClCompile>
    <ClCompile Include="..\..\gui\src\screenlistlungime_screen\ScreenListLungimePresenter.cpp">
      <Filter>Source Files\gui\screenlistlungime_screen</Filter>
    </ClCompile>
    <ClCompile Include="..\..\gui\src\screenlistlungime_screen\ScreenListLungimeView.cpp">
      <Filter>Source Files\gui\screenlistlungime_screen</Filter>
    </ClCompile>
    <ClCompile Include="..\..\generated\gui_generated\src\screenlistlungime_screen\ScreenListLungimeViewBase.cpp">
      <Filter>Source Files\generated\gui_generated\screenlistlungime_screen</Filter>
    </ClCompile>
    <ClCompile Include="..\..\gui\src\screenlungime_screen\ScreenLungimePresenter.cpp">
      <Filter>Source Files\gui\screenlungime_screen</Filter>
    </ClCompile>
    <ClCompile Include="..\..\gui\src\screenlungime_screen\ScreenLungimeView.cpp">
      <Filter>Source Files\gui\screenlungime_screen</Filter>
    </ClCompile>
    <ClCompile Include="..\..\generated\gui_generated\src\screenlungime_screen\ScreenLungimeViewBase.cpp">
      <Filter>Source Files\generated\gui_generated\screenlungime_screen</Filter>
    </ClCompile>
    <ClCompile Include="..\..\gui\src\screenlistlungime_1_screen\ScreenListLungime_1Presenter.cpp">
      <Filter>Source Files\gui\screenlistlungime_1_screen</Filter>
    </ClCompile>
    <ClCompile Include="..\..\gui\src\screenlistlungime_1_screen\ScreenListLungime_1View.cpp">
      <Filter>Source Files\gui\screenlistlungime_1_screen</Filter>
    </ClCompile>
    <ClCompile Include="..\..\generated\gui_generated\src\screenlistlungime_1_screen\ScreenListLungime_1ViewBase.cpp">
      <Filter>Source Files\generated\gui_generated\screenlistlungime_1_screen</Filter>
    </ClCompile>
  </ItemGroup>
  <ItemGroup>
    <None Include="$(ApplicationRoot)\assets\texts\texts.xml">
      <Filter>Resource Files\assets\texts</Filter>
    </None>
    <None Include="$(ApplicationRoot)\config\msvs\Application.props">
      <Filter>Resource Files\config\msvs</Filter>
    </None>
  </ItemGroup>
  <ItemGroup>
    <ClInclude Include="$(TouchGFXReleasePath)\framework\include\common\AbstractPartition.hpp">
      <Filter>Header Files\TouchGFX\common</Filter>
    </ClInclude>
    <ClInclude Include="$(TouchGFXReleasePath)\framework\include\common\Meta.hpp">
      <Filter>Header Files\TouchGFX\common</Filter>
    </ClInclude>
    <ClInclude Include="$(TouchGFXReleasePath)\framework\include\common\Partition.hpp">
      <Filter>Header Files\TouchGFX\common</Filter>
    </ClInclude>
    <ClInclude Include="$(TouchGFXReleasePath)\framework\include\common\TouchGFXInit.hpp">
      <Filter>Header Files\TouchGFX\common</Filter>
    </ClInclude>
    <ClInclude Include="$(TouchGFXReleasePath)\framework\include\mvp\MVPApplication.hpp">
      <Filter>Header Files\TouchGFX\mvp</Filter>
    </ClInclude>
    <ClInclude Include="$(TouchGFXReleasePath)\framework\include\mvp\MVPHeap.hpp">
      <Filter>Header Files\TouchGFX\mvp</Filter>
    </ClInclude>
    <ClInclude Include="$(TouchGFXReleasePath)\framework\include\mvp\Presenter.hpp">
      <Filter>Header Files\TouchGFX\mvp</Filter>
    </ClInclude>
    <ClInclude Include="$(TouchGFXReleasePath)\framework\include\mvp\View.hpp">
      <Filter>Header Files\TouchGFX\mvp</Filter>
    </ClInclude>
    <ClInclude Include="$(TouchGFXReleasePath)\framework\include\platform\driver\lcd\LCD16bpp.hpp">
      <Filter>Header Files\TouchGFX\platform\driver\lcd</Filter>
    </ClInclude>
    <ClInclude Include="$(TouchGFXReleasePath)\framework\include\platform\driver\lcd\LCD1bpp.hpp">
      <Filter>Header Files\TouchGFX\platform\driver\lcd</Filter>
    </ClInclude>
    <ClInclude Include="$(TouchGFXReleasePath)\framework\include\platform\driver\lcd\LCD24bpp.hpp">
      <Filter>Header Files\TouchGFX\platform\driver\lcd</Filter>
    </ClInclude>
    <ClInclude Include="$(TouchGFXReleasePath)\framework\include\platform\driver\lcd\LCD2bpp.hpp">
      <Filter>Header Files\TouchGFX\platform\driver\lcd</Filter>
    </ClInclude>
    <ClInclude Include="$(TouchGFXReleasePath)\framework\include\platform\driver\lcd\LCD4bpp.hpp">
      <Filter>Header Files\TouchGFX\platform\driver\lcd</Filter>
    </ClInclude>
    <ClInclude Include="$(TouchGFXReleasePath)\framework\include\platform\driver\touch\SDL2TouchController.hpp">
      <Filter>Header Files\TouchGFX\platform\driver\touch</Filter>
    </ClInclude>
    <ClInclude Include="$(TouchGFXReleasePath)\framework\include\platform\hal\simulator\sdl2\HALSDL2.hpp">
      <Filter>Header Files\TouchGFX\platform\hal\simulator\sdl2</Filter>
    </ClInclude>
    <ClInclude Include="$(TouchGFXReleasePath)\framework\include\touchgfx\Application.hpp">
      <Filter>Header Files\TouchGFX\touchgfx</Filter>
    </ClInclude>
    <ClInclude Include="$(TouchGFXReleasePath)\framework\include\touchgfx\Bitmap.hpp">
      <Filter>Header Files\TouchGFX\touchgfx</Filter>
    </ClInclude>
    <ClInclude Include="$(TouchGFXReleasePath)\framework\include\touchgfx\Callback.hpp">
      <Filter>Header Files\TouchGFX\touchgfx</Filter>
    </ClInclude>
    <ClInclude Include="$(TouchGFXReleasePath)\framework\include\touchgfx\canvas_widget_renderer\CanvasWidgetRenderer.hpp">
      <Filter>Header Files\TouchGFX\touchgfx\canvas_widget_renderer</Filter>
    </ClInclude>
    <ClInclude Include="$(TouchGFXReleasePath)\framework\include\touchgfx\canvas_widget_renderer\Cell.hpp">
      <Filter>Header Files\TouchGFX\touchgfx\canvas_widget_renderer</Filter>
    </ClInclude>
    <ClInclude Include="$(TouchGFXReleasePath)\framework\include\touchgfx\canvas_widget_renderer\Outline.hpp">
      <Filter>Header Files\TouchGFX\touchgfx\canvas_widget_renderer</Filter>
    </ClInclude>
    <ClInclude Include="$(TouchGFXReleasePath)\framework\include\touchgfx\canvas_widget_renderer\Rasterizer.hpp">
      <Filter>Header Files\TouchGFX\touchgfx\canvas_widget_renderer</Filter>
    </ClInclude>
    <ClInclude Include="$(TouchGFXReleasePath)\framework\include\touchgfx\canvas_widget_renderer\Renderer.hpp">
      <Filter>Header Files\TouchGFX\touchgfx\canvas_widget_renderer</Filter>
    </ClInclude>
    <ClInclude Include="$(TouchGFXReleasePath)\framework\include\touchgfx\canvas_widget_renderer\RenderingBuffer.hpp">
      <Filter>Header Files\TouchGFX\touchgfx\canvas_widget_renderer</Filter>
    </ClInclude>
    <ClInclude Include="$(TouchGFXReleasePath)\framework\include\touchgfx\canvas_widget_renderer\RGBA8.hpp">
      <Filter>Header Files\TouchGFX\touchgfx\canvas_widget_renderer</Filter>
    </ClInclude>
    <ClInclude Include="$(TouchGFXReleasePath)\framework\include\touchgfx\canvas_widget_renderer\Scanline.hpp">
      <Filter>Header Files\TouchGFX\touchgfx\canvas_widget_renderer</Filter>
    </ClInclude>
    <ClInclude Include="$(TouchGFXReleasePath)\framework\include\touchgfx\Color.hpp">
      <Filter>Header Files\TouchGFX\touchgfx</Filter>
    </ClInclude>
    <ClInclude Include="$(TouchGFXReleasePath)\framework\include\touchgfx\ConstFont.hpp">
      <Filter>Header Files\TouchGFX\touchgfx</Filter>
    </ClInclude>
    <ClInclude Include="$(TouchGFXReleasePath)\framework\include\touchgfx\containers\clock\AbstractClock.hpp">
      <Filter>Header Files\TouchGFX\touchgfx\containers\clock</Filter>
    </ClInclude>
    <ClInclude Include="$(TouchGFXReleasePath)\framework\include\touchgfx\containers\clock\AnalogClock.hpp">
      <Filter>Header Files\TouchGFX\touchgfx\containers\clock</Filter>
    </ClInclude>
    <ClInclude Include="$(TouchGFXReleasePath)\framework\include\touchgfx\containers\clock\DigitalClock.hpp">
      <Filter>Header Files\TouchGFX\touchgfx\containers\clock</Filter>
    </ClInclude>
    <ClInclude Include="$(TouchGFXReleasePath)\framework\include\touchgfx\containers\Container.hpp">
      <Filter>Header Files\TouchGFX\touchgfx\containers</Filter>
    </ClInclude>
    <ClInclude Include="$(TouchGFXReleasePath)\framework\include\touchgfx\containers\ListLayout.hpp">
      <Filter>Header Files\TouchGFX\touchgfx\containers</Filter>
    </ClInclude>
    <ClInclude Include="$(TouchGFXReleasePath)\framework\include\touchgfx\containers\ModalWindow.hpp">
      <Filter>Header Files\TouchGFX\touchgfx\containers</Filter>
    </ClInclude>
    <ClInclude Include="$(TouchGFXReleasePath)\framework\include\touchgfx\containers\progress_indicators\AbstractDirectionProgress.hpp">
      <Filter>Header Files\TouchGFX\touchgfx\containers\progress_indicators</Filter>
    </ClInclude>
    <ClInclude Include="$(TouchGFXReleasePath)\framework\include\touchgfx\containers\progress_indicators\AbstractProgressIndicator.hpp">
      <Filter>Header Files\TouchGFX\touchgfx\containers\progress_indicators</Filter>
    </ClInclude>
    <ClInclude Include="$(TouchGFXReleasePath)\framework\include\touchgfx\containers\progress_indicators\BoxProgress.hpp">
      <Filter>Header Files\TouchGFX\touchgfx\containers\progress_indicators</Filter>
    </ClInclude>
    <ClInclude Include="$(TouchGFXReleasePath)\framework\include\touchgfx\containers\progress_indicators\CircleProgress.hpp">
      <Filter>Header Files\TouchGFX\touchgfx\containers\progress_indicators</Filter>
    </ClInclude>
    <ClInclude Include="$(TouchGFXReleasePath)\framework\include\touchgfx\containers\progress_indicators\ImageProgress.hpp">
      <Filter>Header Files\TouchGFX\touchgfx\containers\progress_indicators</Filter>
    </ClInclude>
    <ClInclude Include="$(TouchGFXReleasePath)\framework\include\touchgfx\containers\progress_indicators\LineProgress.hpp">
      <Filter>Header Files\TouchGFX\touchgfx\containers\progress_indicators</Filter>
    </ClInclude>
    <ClInclude Include="$(TouchGFXReleasePath)\framework\include\touchgfx\containers\progress_indicators\TextProgress.hpp">
      <Filter>Header Files\TouchGFX\touchgfx\containers\progress_indicators</Filter>
    </ClInclude>
    <ClInclude Include="$(TouchGFXReleasePath)\framework\include\touchgfx\containers\ScrollableContainer.hpp">
      <Filter>Header Files\TouchGFX\touchgfx\containers</Filter>
    </ClInclude>
    <ClInclude Include="$(TouchGFXReleasePath)\framework\include\touchgfx\containers\SlideMenu.hpp">
      <Filter>Header Files\TouchGFX\touchgfx\containers</Filter>
    </ClInclude>
    <ClInclude Include="$(TouchGFXReleasePath)\framework\include\touchgfx\containers\Slider.hpp">
      <Filter>Header Files\TouchGFX\touchgfx\containers</Filter>
    </ClInclude>
    <ClInclude Include="$(TouchGFXReleasePath)\framework\include\touchgfx\containers\ZoomAnimationImage.hpp">
      <Filter>Header Files\TouchGFX\touchgfx\containers</Filter>
    </ClInclude>
    <ClInclude Include="$(TouchGFXReleasePath)\framework\include\touchgfx\Drawable.hpp">
      <Filter>Header Files\TouchGFX\touchgfx</Filter>
    </ClInclude>
    <ClInclude Include="$(TouchGFXReleasePath)\framework\include\touchgfx\EasingEquations.hpp">
      <Filter>Header Files\TouchGFX\touchgfx</Filter>
    </ClInclude>
    <ClInclude Include="$(TouchGFXReleasePath)\framework\include\touchgfx\Event.hpp">
      <Filter>Header Files\TouchGFX\touchgfx</Filter>
    </ClInclude>
    <ClInclude Include="$(TouchGFXReleasePath)\framework\include\touchgfx\events\ClickEvent.hpp">
      <Filter>Header Files\TouchGFX\touchgfx\events</Filter>
    </ClInclude>
    <ClInclude Include="$(TouchGFXReleasePath)\framework\include\touchgfx\events\DragEvent.hpp">
      <Filter>Header Files\TouchGFX\touchgfx\events</Filter>
    </ClInclude>
    <ClInclude Include="$(TouchGFXReleasePath)\framework\include\touchgfx\events\GestureEvent.hpp">
      <Filter>Header Files\TouchGFX\touchgfx\events</Filter>
    </ClInclude>
    <ClInclude Include="$(TouchGFXReleasePath)\framework\include\touchgfx\Font.hpp">
      <Filter>Header Files\TouchGFX\touchgfx</Filter>
    </ClInclude>
    <ClInclude Include="$(TouchGFXReleasePath)\framework\include\touchgfx\FontManager.hpp">
      <Filter>Header Files\TouchGFX\touchgfx</Filter>
    </ClInclude>
    <ClInclude Include="$(TouchGFXReleasePath)\framework\include\touchgfx\hal\Atomic.hpp">
      <Filter>Header Files\TouchGFX\touchgfx\hal</Filter>
    </ClInclude>
    <ClInclude Include="$(TouchGFXReleasePath)\framework\include\touchgfx\hal\BlitOp.hpp">
      <Filter>Header Files\TouchGFX\touchgfx\hal</Filter>
    </ClInclude>
    <ClInclude Include="$(TouchGFXReleasePath)\framework\include\touchgfx\hal\BoardConfiguration.hpp">
      <Filter>Header Files\TouchGFX\touchgfx\hal</Filter>
    </ClInclude>
    <ClInclude Include="$(TouchGFXReleasePath)\framework\include\touchgfx\hal\Buttons.hpp">
      <Filter>Header Files\TouchGFX\touchgfx\hal</Filter>
    </ClInclude>
    <ClInclude Include="$(TouchGFXReleasePath)\framework\include\touchgfx\hal\Config.hpp">
      <Filter>Header Files\TouchGFX\touchgfx\hal</Filter>
    </ClInclude>
    <ClInclude Include="$(TouchGFXReleasePath)\framework\include\touchgfx\hal\DMA.hpp">
      <Filter>Header Files\TouchGFX\touchgfx\hal</Filter>
    </ClInclude>
    <ClInclude Include="$(TouchGFXReleasePath)\framework\include\touchgfx\hal\Gestures.hpp">
      <Filter>Header Files\TouchGFX\touchgfx\hal</Filter>
    </ClInclude>
    <ClInclude Include="$(TouchGFXReleasePath)\framework\include\touchgfx\hal\GPIO.hpp">
      <Filter>Header Files\TouchGFX\touchgfx\hal</Filter>
    </ClInclude>
    <ClInclude Include="$(TouchGFXReleasePath)\framework\include\touchgfx\hal\HAL.hpp">
      <Filter>Header Files\TouchGFX\touchgfx\hal</Filter>
    </ClInclude>
    <ClInclude Include="$(TouchGFXReleasePath)\framework\include\touchgfx\hal\LED.hpp">
      <Filter>Header Files\TouchGFX\touchgfx\hal</Filter>
    </ClInclude>
    <ClInclude Include="$(TouchGFXReleasePath)\framework\include\touchgfx\hal\NoDMA.hpp">
      <Filter>Header Files\TouchGFX\touchgfx\hal</Filter>
    </ClInclude>
    <ClInclude Include="$(TouchGFXReleasePath)\framework\include\touchgfx\hal\OSWrappers.hpp">
      <Filter>Header Files\TouchGFX\touchgfx\hal</Filter>
    </ClInclude>
    <ClInclude Include="$(TouchGFXReleasePath)\framework\include\touchgfx\hal\Types.hpp">
      <Filter>Header Files\TouchGFX\touchgfx\hal</Filter>
    </ClInclude>
    <ClInclude Include="$(TouchGFXReleasePath)\framework\include\touchgfx\InternalFlashFont.hpp">
      <Filter>Header Files\TouchGFX\touchgfx</Filter>
    </ClInclude>
    <ClInclude Include="$(TouchGFXReleasePath)\framework\include\touchgfx\JSMOCHelper.hpp">
      <Filter>Header Files\TouchGFX\touchgfx</Filter>
    </ClInclude>
    <ClInclude Include="$(TouchGFXReleasePath)\framework\include\touchgfx\lcd\LCD.hpp">
      <Filter>Header Files\TouchGFX\touchgfx\lcd</Filter>
    </ClInclude>
    <ClInclude Include="$(TouchGFXReleasePath)\framework\include\touchgfx\Math3D.hpp">
      <Filter>Header Files\TouchGFX\touchgfx</Filter>
    </ClInclude>
    <ClInclude Include="$(TouchGFXReleasePath)\framework\include\touchgfx\mixins\ClickListener.hpp">
      <Filter>Header Files\TouchGFX\touchgfx\mixins</Filter>
    </ClInclude>
    <ClInclude Include="$(TouchGFXReleasePath)\framework\include\touchgfx\mixins\Draggable.hpp">
      <Filter>Header Files\TouchGFX\touchgfx\mixins</Filter>
    </ClInclude>
    <ClInclude Include="$(TouchGFXReleasePath)\framework\include\touchgfx\mixins\FadeAnimator.hpp">
      <Filter>Header Files\TouchGFX\touchgfx\mixins</Filter>
    </ClInclude>
    <ClInclude Include="$(TouchGFXReleasePath)\framework\include\touchgfx\mixins\MoveAnimator.hpp">
      <Filter>Header Files\TouchGFX\touchgfx\mixins</Filter>
    </ClInclude>
    <ClInclude Include="$(TouchGFXReleasePath)\framework\include\touchgfx\mixins\PreRenderable.hpp">
      <Filter>Header Files\TouchGFX\touchgfx\mixins</Filter>
    </ClInclude>
    <ClInclude Include="$(TouchGFXReleasePath)\framework\include\touchgfx\mixins\Snapper.hpp">
      <Filter>Header Files\TouchGFX\touchgfx\mixins</Filter>
    </ClInclude>
    <ClInclude Include="$(TouchGFXReleasePath)\framework\include\touchgfx\Screen.hpp">
      <Filter>Header Files\TouchGFX\touchgfx</Filter>
    </ClInclude>
    <ClInclude Include="$(TouchGFXReleasePath)\framework\include\touchgfx\TextProvider.hpp">
      <Filter>Header Files\TouchGFX\touchgfx</Filter>
    </ClInclude>
    <ClInclude Include="$(TouchGFXReleasePath)\framework\include\touchgfx\Texts.hpp">
      <Filter>Header Files\TouchGFX\touchgfx</Filter>
    </ClInclude>
    <ClInclude Include="$(TouchGFXReleasePath)\framework\include\touchgfx\TextureMapTypes.hpp">
      <Filter>Header Files\TouchGFX\touchgfx</Filter>
    </ClInclude>
    <ClInclude Include="$(TouchGFXReleasePath)\framework\include\touchgfx\transforms\DisplayTransformation.hpp">
      <Filter>Header Files\TouchGFX\touchgfx\transforms</Filter>
    </ClInclude>
    <ClInclude Include="$(TouchGFXReleasePath)\framework\include\touchgfx\transforms\TouchCalibration.hpp">
      <Filter>Header Files\TouchGFX\touchgfx\transforms</Filter>
    </ClInclude>
    <ClInclude Include="$(TouchGFXReleasePath)\framework\include\touchgfx\transitions\NoTransition.hpp">
      <Filter>Header Files\TouchGFX\touchgfx\transitions</Filter>
    </ClInclude>
    <ClInclude Include="$(TouchGFXReleasePath)\framework\include\touchgfx\transitions\SlideTransition.hpp">
      <Filter>Header Files\TouchGFX\touchgfx\transitions</Filter>
    </ClInclude>
    <ClInclude Include="$(TouchGFXReleasePath)\framework\include\touchgfx\transitions\Transition.hpp">
      <Filter>Header Files\TouchGFX\touchgfx\transitions</Filter>
    </ClInclude>
    <ClInclude Include="$(TouchGFXReleasePath)\framework\include\touchgfx\TypedText.hpp">
      <Filter>Header Files\TouchGFX\touchgfx</Filter>
    </ClInclude>
    <ClInclude Include="$(TouchGFXReleasePath)\framework\include\touchgfx\UIEventListener.hpp">
      <Filter>Header Files\TouchGFX\touchgfx</Filter>
    </ClInclude>
    <ClInclude Include="$(TouchGFXReleasePath)\framework\include\touchgfx\Unicode.hpp">
      <Filter>Header Files\TouchGFX\touchgfx</Filter>
    </ClInclude>
    <ClInclude Include="$(TouchGFXReleasePath)\framework\include\touchgfx\Utils.hpp">
      <Filter>Header Files\TouchGFX\touchgfx</Filter>
    </ClInclude>
    <ClInclude Include="$(TouchGFXReleasePath)\framework\include\touchgfx\widgets\AbstractButton.hpp">
      <Filter>Header Files\TouchGFX\touchgfx\widgets</Filter>
    </ClInclude>
    <ClInclude Include="$(TouchGFXReleasePath)\framework\include\touchgfx\widgets\AnimatedImage.hpp">
      <Filter>Header Files\TouchGFX\touchgfx\widgets</Filter>
    </ClInclude>
    <ClInclude Include="$(TouchGFXReleasePath)\framework\include\touchgfx\widgets\AnimationTextureMapper.hpp">
      <Filter>Header Files\TouchGFX\touchgfx\widgets</Filter>
    </ClInclude>
    <ClInclude Include="$(TouchGFXReleasePath)\framework\include\touchgfx\widgets\Box.hpp">
      <Filter>Header Files\TouchGFX\touchgfx\widgets</Filter>
    </ClInclude>
    <ClInclude Include="$(TouchGFXReleasePath)\framework\include\touchgfx\widgets\Button.hpp">
      <Filter>Header Files\TouchGFX\touchgfx\widgets</Filter>
    </ClInclude>
    <ClInclude Include="$(TouchGFXReleasePath)\framework\include\touchgfx\widgets\ButtonWithIcon.hpp">
      <Filter>Header Files\TouchGFX\touchgfx\widgets</Filter>
    </ClInclude>
    <ClInclude Include="$(TouchGFXReleasePath)\framework\include\touchgfx\widgets\ButtonWithLabel.hpp">
      <Filter>Header Files\TouchGFX\touchgfx\widgets</Filter>
    </ClInclude>
    <ClInclude Include="$(TouchGFXReleasePath)\framework\include\touchgfx\widgets\canvas\AbstractPainter.hpp">
      <Filter>Header Files\TouchGFX\touchgfx\widgets\canvas</Filter>
    </ClInclude>
    <ClInclude Include="$(TouchGFXReleasePath)\framework\include\touchgfx\widgets\canvas\AbstractPainterBW.hpp">
      <Filter>Header Files\TouchGFX\touchgfx\widgets\canvas</Filter>
    </ClInclude>
    <ClInclude Include="$(TouchGFXReleasePath)\framework\include\touchgfx\widgets\canvas\AbstractPainterGRAY2.hpp">
      <Filter>Header Files\TouchGFX\touchgfx\widgets\canvas</Filter>
    </ClInclude>
    <ClInclude Include="$(TouchGFXReleasePath)\framework\include\touchgfx\widgets\canvas\AbstractPainterGRAY4.hpp">
      <Filter>Header Files\TouchGFX\touchgfx\widgets\canvas</Filter>
    </ClInclude>
    <ClInclude Include="$(TouchGFXReleasePath)\framework\include\touchgfx\widgets\canvas\AbstractPainterRGB565.hpp">
      <Filter>Header Files\TouchGFX\touchgfx\widgets\canvas</Filter>
    </ClInclude>
    <ClInclude Include="$(TouchGFXReleasePath)\framework\include\touchgfx\widgets\canvas\AbstractPainterRGB888.hpp">
      <Filter>Header Files\TouchGFX\touchgfx\widgets\canvas</Filter>
    </ClInclude>
    <ClInclude Include="$(TouchGFXReleasePath)\framework\include\touchgfx\widgets\canvas\AbstractShape.hpp">
      <Filter>Header Files\TouchGFX\touchgfx\widgets\canvas</Filter>
    </ClInclude>
    <ClInclude Include="$(TouchGFXReleasePath)\framework\include\touchgfx\widgets\canvas\Canvas.hpp">
      <Filter>Header Files\TouchGFX\touchgfx\widgets\canvas</Filter>
    </ClInclude>
    <ClInclude Include="$(TouchGFXReleasePath)\framework\include\touchgfx\widgets\canvas\CanvasWidget.hpp">
      <Filter>Header Files\TouchGFX\touchgfx\widgets\canvas</Filter>
    </ClInclude>
    <ClInclude Include="$(TouchGFXReleasePath)\framework\include\touchgfx\widgets\canvas\Circle.hpp">
      <Filter>Header Files\TouchGFX\touchgfx\widgets\canvas</Filter>
    </ClInclude>
    <ClInclude Include="$(TouchGFXReleasePath)\framework\include\touchgfx\widgets\canvas\CWRUtil.hpp">
      <Filter>Header Files\TouchGFX\touchgfx\widgets\canvas</Filter>
    </ClInclude>
    <ClInclude Include="$(TouchGFXReleasePath)\framework\include\touchgfx\widgets\canvas\Line.hpp">
      <Filter>Header Files\TouchGFX\touchgfx\widgets\canvas</Filter>
    </ClInclude>
    <ClInclude Include="$(TouchGFXReleasePath)\framework\include\touchgfx\widgets\canvas\PainterBW.hpp">
      <Filter>Header Files\TouchGFX\touchgfx\widgets\canvas</Filter>
    </ClInclude>
    <ClInclude Include="$(TouchGFXReleasePath)\framework\include\touchgfx\widgets\canvas\PainterGRAY2.hpp">
      <Filter>Header Files\TouchGFX\touchgfx\widgets\canvas</Filter>
    </ClInclude>
    <ClInclude Include="$(TouchGFXReleasePath)\framework\include\touchgfx\widgets\canvas\PainterGRAY2Bitmap.hpp">
      <Filter>Header Files\TouchGFX\touchgfx\widgets\canvas</Filter>
    </ClInclude>
    <ClInclude Include="$(TouchGFXReleasePath)\framework\include\touchgfx\widgets\canvas\PainterGRAY4.hpp">
      <Filter>Header Files\TouchGFX\touchgfx\widgets\canvas</Filter>
    </ClInclude>
    <ClInclude Include="$(TouchGFXReleasePath)\framework\include\touchgfx\widgets\canvas\PainterGRAY4Bitmap.hpp">
      <Filter>Header Files\TouchGFX\touchgfx\widgets\canvas</Filter>
    </ClInclude>
    <ClInclude Include="$(TouchGFXReleasePath)\framework\include\touchgfx\widgets\canvas\PainterRGB565.hpp">
      <Filter>Header Files\TouchGFX\touchgfx\widgets\canvas</Filter>
    </ClInclude>
    <ClInclude Include="$(TouchGFXReleasePath)\framework\include\touchgfx\widgets\canvas\PainterRGB565Bitmap.hpp">
      <Filter>Header Files\TouchGFX\touchgfx\widgets\canvas</Filter>
    </ClInclude>
    <ClInclude Include="$(TouchGFXReleasePath)\framework\include\touchgfx\widgets\canvas\PainterRGB888.hpp">
      <Filter>Header Files\TouchGFX\touchgfx\widgets\canvas</Filter>
    </ClInclude>
    <ClInclude Include="$(TouchGFXReleasePath)\framework\include\touchgfx\widgets\canvas\PainterRGB888Bitmap.hpp">
      <Filter>Header Files\TouchGFX\touchgfx\widgets\canvas</Filter>
    </ClInclude>
    <ClInclude Include="$(TouchGFXReleasePath)\framework\include\touchgfx\widgets\canvas\Shape.hpp">
      <Filter>Header Files\TouchGFX\touchgfx\widgets\canvas</Filter>
    </ClInclude>
    <ClInclude Include="$(TouchGFXReleasePath)\framework\include\touchgfx\widgets\Image.hpp">
      <Filter>Header Files\TouchGFX\touchgfx\widgets</Filter>
    </ClInclude>
    <ClInclude Include="$(TouchGFXReleasePath)\framework\include\touchgfx\widgets\Keyboard.hpp">
      <Filter>Header Files\TouchGFX\touchgfx\widgets</Filter>
    </ClInclude>
    <ClInclude Include="$(TouchGFXReleasePath)\framework\include\touchgfx\widgets\PixelDataWidget.hpp">
      <Filter>Header Files\TouchGFX\touchgfx\widgets</Filter>
    </ClInclude>
    <ClInclude Include="$(TouchGFXReleasePath)\framework\include\touchgfx\widgets\RadioButton.hpp">
      <Filter>Header Files\TouchGFX\touchgfx\widgets</Filter>
    </ClInclude>
    <ClInclude Include="$(TouchGFXReleasePath)\framework\include\touchgfx\widgets\RadioButtonGroup.hpp">
      <Filter>Header Files\TouchGFX\touchgfx\widgets</Filter>
    </ClInclude>
    <ClInclude Include="$(TouchGFXReleasePath)\framework\include\touchgfx\widgets\RepeatButton.hpp">
      <Filter>Header Files\TouchGFX\touchgfx\widgets</Filter>
    </ClInclude>
    <ClInclude Include="$(TouchGFXReleasePath)\framework\include\touchgfx\widgets\ScalableImage.hpp">
      <Filter>Header Files\TouchGFX\touchgfx\widgets</Filter>
    </ClInclude>
    <ClInclude Include="$(TouchGFXReleasePath)\framework\include\touchgfx\widgets\SnapshotWidget.hpp">
      <Filter>Header Files\TouchGFX\touchgfx\widgets</Filter>
    </ClInclude>
    <ClInclude Include="$(TouchGFXReleasePath)\framework\include\touchgfx\widgets\TextArea.hpp">
      <Filter>Header Files\TouchGFX\touchgfx\widgets</Filter>
    </ClInclude>
    <ClInclude Include="$(TouchGFXReleasePath)\framework\include\touchgfx\widgets\TextAreaWithWildcard.hpp">
      <Filter>Header Files\TouchGFX\touchgfx\widgets</Filter>
    </ClInclude>
    <ClInclude Include="$(TouchGFXReleasePath)\framework\include\touchgfx\widgets\TextureMapper.hpp">
      <Filter>Header Files\TouchGFX\touchgfx\widgets</Filter>
    </ClInclude>
    <ClInclude Include="$(TouchGFXReleasePath)\framework\include\touchgfx\widgets\TiledImage.hpp">
      <Filter>Header Files\TouchGFX\touchgfx\widgets</Filter>
    </ClInclude>
    <ClInclude Include="$(TouchGFXReleasePath)\framework\include\touchgfx\widgets\ToggleButton.hpp">
      <Filter>Header Files\TouchGFX\touchgfx\widgets</Filter>
    </ClInclude>
    <ClInclude Include="$(TouchGFXReleasePath)\framework\include\touchgfx\widgets\TouchArea.hpp">
      <Filter>Header Files\TouchGFX\touchgfx\widgets</Filter>
    </ClInclude>
    <ClInclude Include="$(TouchGFXReleasePath)\framework\include\touchgfx\widgets\Widget.hpp">
      <Filter>Header Files\TouchGFX\touchgfx\widgets</Filter>
    </ClInclude>
    <ClInclude Include="$(ApplicationRoot)\generated\simulator\include\simulator\mainBase.hpp">
      <Filter>Header Files\generated\simulator</Filter>
    </ClInclude>
    <ClInclude Include="..\..\gui\include\gui\calculator_screen\CalculatorPresenter.hpp">
      <Filter>Header Files\gui\calculator_screen</Filter>
    </ClInclude>
    <ClInclude Include="..\..\gui\include\gui\calculator_screen\CalculatorView.hpp">
      <Filter>Header Files\gui\calculator_screen</Filter>
    </ClInclude>
    <ClInclude Include="..\..\generated\gui_generated\include\gui_generated\calculator_screen\CalculatorViewBase.hpp">
      <Filter>Header Files\generated\gui_generated\calculator_screen</Filter>
    </ClInclude>
    <ClInclude Include="..\..\generated\simulator\include\simulator\video\DirectFrameBufferVideoController.hpp">
      <Filter>Header Files\generated\simulator\include\simulator\video</Filter>
    </ClInclude>
    <ClInclude Include="..\..\gui\include\gui\common\FrontendApplication.hpp">
      <Filter>Header Files\gui\common</Filter>
    </ClInclude>
    <ClInclude Include="..\..\generated\gui_generated\include\gui_generated\common\FrontendApplicationBase.hpp">
      <Filter>Header Files\generated\gui_generated\common</Filter>
    </ClInclude>
    <ClInclude Include="..\..\gui\include\gui\common\FrontendHeap.hpp">
      <Filter>Header Files\gui\common</Filter>
    </ClInclude>
    <ClInclude Include="..\..\generated\gui_generated\include\gui_generated\common\FrontendHeapBase.hpp">
      <Filter>Header Files\generated\gui_generated\common</Filter>
    </ClInclude>
    <ClInclude Include="..\..\generated\simulator\include\simulator\video\MJPEGDecoder.hpp">
      <Filter>Header Files\generated\simulator\include\simulator\video</Filter>
    </ClInclude>
    <ClInclude Include="..\..\gui\include\gui\model\Model.hpp">
      <Filter>Header Files\gui\model</Filter>
    </ClInclude>
    <ClInclude Include="..\..\gui\include\gui\model\ModelListener.hpp">
      <Filter>Header Files\gui\model</Filter>
    </ClInclude>
    <ClInclude Include="..\..\generated\gui_generated\include\gui_generated\common\SimConstants.hpp">
      <Filter>Header Files\generated\gui_generated\common</Filter>
    </ClInclude>
    <ClInclude Include="..\..\generated\simulator\include\simulator\video\SoftwareMJPEGDecoder.hpp">
      <Filter>Header Files\generated\simulator\include\simulator\video</Filter>
    </ClInclude>
    <ClInclude Include="..\..\gui\include\gui\menu_screen\MenuPresenter.hpp">
      <Filter>Header Files\gui\menu_screen</Filter>
    </ClInclude>
    <ClInclude Include="..\..\gui\include\gui\menu_screen\MenuView.hpp">
      <Filter>Header Files\gui\menu_screen</Filter>
    </ClInclude>
    <ClInclude Include="..\..\generated\gui_generated\include\gui_generated\menu_screen\MenuViewBase.hpp">
      <Filter>Header Files\generated\gui_generated\menu_screen</Filter>
    </ClInclude>
    <ClInclude Include="..\..\gui\include\gui\screenviteza_screen\ScreenVitezaPresenter.hpp">
      <Filter>Header Files\gui\screenviteza_screen</Filter>
    </ClInclude>
    <ClInclude Include="..\..\gui\include\gui\screenviteza_screen\ScreenVitezaView.hpp">
      <Filter>Header Files\gui\screenviteza_screen</Filter>
    </ClInclude>
    <ClInclude Include="..\..\generated\gui_generated\include\gui_generated\screenviteza_screen\ScreenVitezaViewBase.hpp">
      <Filter>Header Files\generated\gui_generated\screenviteza_screen</Filter>
    </ClInclude>
    <ClInclude Include="..\..\gui\include\gui\screenlistlayot_screen\ScreenListLayotPresenter.hpp">
      <Filter>Header Files\gui\screenlistlayot_screen</Filter>
    </ClInclude>
    <ClInclude Include="..\..\gui\include\gui\screenlistlayot_screen\ScreenListLayotView.hpp">
      <Filter>Header Files\gui\screenlistlayot_screen</Filter>
    </ClInclude>
    <ClInclude Include="..\..\generated\gui_generated\include\gui_generated\screenlistlayot_screen\ScreenListLayotViewBase.hpp">
      <Filter>Header Files\generated\gui_generated\screenlistlayot_screen</Filter>
    </ClInclude>
    <ClInclude Include="..\..\gui\include\gui\screenlistlayot_1_screen\ScreenListLayot_1Presenter.hpp">
      <Filter>Header Files\gui\screenlistlayot_1_screen</Filter>
    </ClInclude>
    <ClInclude Include="..\..\gui\include\gui\screenlistlayot_1_screen\ScreenListLayot_1View.hpp">
      <Filter>Header Files\gui\screenlistlayot_1_screen</Filter>
    </ClInclude>
    <ClInclude Include="..\..\generated\gui_generated\include\gui_generated\screenlistlayot_1_screen\ScreenListLayot_1ViewBase.hpp">
      <Filter>Header Files\generated\gui_generated\screenlistlayot_1_screen</Filter>
    </ClInclude>
    <ClInclude Include="..\..\gui\include\gui\screentimp_screen\ScreenTimpPresenter.hpp">
      <Filter>Header Files\gui\screentimp_screen</Filter>
    </ClInclude>
    <ClInclude Include="..\..\gui\include\gui\screentimp_screen\ScreenTimpView.hpp">
      <Filter>Header Files\gui\screentimp_screen</Filter>
    </ClInclude>
    <ClInclude Include="..\..\generated\gui_generated\include\gui_generated\screentimp_screen\ScreenTimpViewBase.hpp">
      <Filter>Header Files\generated\gui_generated\screentimp_screen</Filter>
    </ClInclude>
    <ClInclude Include="..\..\gui\include\gui\screenlisttimp_screen\ScreenListTimpPresenter.hpp">
      <Filter>Header Files\gui\screenlisttimp_screen</Filter>
    </ClInclude>
    <ClInclude Include="..\..\gui\include\gui\screenlisttimp_screen\ScreenListTimpView.hpp">
      <Filter>Header Files\gui\screenlisttimp_screen</Filter>
    </ClInclude>
    <ClInclude Include="..\..\generated\gui_generated\include\gui_generated\screenlisttimp_screen\ScreenListTimpViewBase.hpp">
      <Filter>Header Files\generated\gui_generated\screenlisttimp_screen</Filter>
    </ClInclude>
    <ClInclude Include="..\..\gui\include\gui\screenlisttimp_1_screen\ScreenListTimp_1Presenter.hpp">
      <Filter>Header Files\gui\screenlisttimp_1_screen</Filter>
    </ClInclude>
    <ClInclude Include="..\..\gui\include\gui\screenlisttimp_1_screen\ScreenListTimp_1View.hpp">
      <Filter>Header Files\gui\screenlisttimp_1_screen</Filter>
    </ClInclude>
    <ClInclude Include="..\..\generated\gui_generated\include\gui_generated\screenlisttimp_1_screen\ScreenListTimp_1ViewBase.hpp">
      <Filter>Header Files\generated\gui_generated\screenlisttimp_1_screen</Filter>
    </ClInclude>
    <ClInclude Include="..\..\gui\include\gui\screengreutate_screen\ScreenGreutatePresenter.hpp">
      <Filter>Header Files\gui\screengreutate_screen</Filter>
    </ClInclude>
    <ClInclude Include="..\..\gui\include\gui\screengreutate_screen\ScreenGreutateView.hpp">
      <Filter>Header Files\gui\screengreutate_screen</Filter>
    </ClInclude>
    <ClInclude Include="..\..\generated\gui_generated\include\gui_generated\screengreutate_screen\ScreenGreutateViewBase.hpp">
      <Filter>Header Files\generated\gui_generated\screengreutate_screen</Filter>
    </ClInclude>
    <ClInclude Include="..\..\gui\include\gui\screenlistmasa_screen\ScreenListMasaPresenter.hpp">
      <Filter>Header Files\gui\screenlistmasa_screen</Filter>
    </ClInclude>
    <ClInclude Include="..\..\gui\include\gui\screenlistmasa_screen\ScreenListMasaView.hpp">
      <Filter>Header Files\gui\screenlistmasa_screen</Filter>
    </ClInclude>
    <ClInclude Include="..\..\generated\gui_generated\include\gui_generated\screenlistmasa_screen\ScreenListMasaViewBase.hpp">
      <Filter>Header Files\generated\gui_generated\screenlistmasa_screen</Filter>
    </ClInclude>
    <ClInclude Include="..\..\gui\include\gui\screenlistmasa_1_screen\ScreenListMasa_1Presenter.hpp">
      <Filter>Header Files\gui\screenlistmasa_1_screen</Filter>
    </ClInclude>
    <ClInclude Include="..\..\gui\include\gui\screenlistmasa_1_screen\ScreenListMasa_1View.hpp">
      <Filter>Header Files\gui\screenlistmasa_1_screen</Filter>
    </ClInclude>
    <ClInclude Include="..\..\generated\gui_generated\include\gui_generated\screenlistmasa_1_screen\ScreenListMasa_1ViewBase.hpp">
      <Filter>Header Files\generated\gui_generated\screenlistmasa_1_screen</Filter>
    </ClInclude>
    <ClInclude Include="..\..\gui\include\gui\screenlistlungime_screen\ScreenListLungimePresenter.hpp">
      <Filter>Header Files\gui\screenlistlungime_screen</Filter>
    </ClInclude>
    <ClInclude Include="..\..\gui\include\gui\screenlistlungime_screen\ScreenListLungimeView.hpp">
      <Filter>Header Files\gui\screenlistlungime_screen</Filter>
    </ClInclude>
    <ClInclude Include="..\..\generated\gui_generated\include\gui_generated\screenlistlungime_screen\ScreenListLungimeViewBase.hpp">
      <Filter>Header Files\generated\gui_generated\screenlistlungime_screen</Filter>
    </ClInclude>
    <ClInclude Include="..\..\gui\include\gui\screenlungime_screen\ScreenLungimePresenter.hpp">
      <Filter>Header Files\gui\screenlungime_screen</Filter>
    </ClInclude>
    <ClInclude Include="..\..\gui\include\gui\screenlungime_screen\ScreenLungimeView.hpp">
      <Filter>Header Files\gui\screenlungime_screen</Filter>
    </ClInclude>
    <ClInclude Include="..\..\generated\gui_generated\include\gui_generated\screenlungime_screen\ScreenLungimeViewBase.hpp">
      <Filter>Header Files\generated\gui_generated\screenlungime_screen</Filter>
    </ClInclude>
    <ClInclude Include="..\..\gui\include\gui\screenlistlungime_1_screen\ScreenListLungime_1Presenter.hpp">
      <Filter>Header Files\gui\screenlistlungime_1_screen</Filter>
    </ClInclude>
    <ClInclude Include="..\..\gui\include\gui\screenlistlungime_1_screen\ScreenListLungime_1View.hpp">
      <Filter>Header Files\gui\screenlistlungime_1_screen</Filter>
    </ClInclude>
    <ClInclude Include="..\..\generated\gui_generated\include\gui_generated\screenlistlungime_1_screen\ScreenListLungime_1ViewBase.hpp">
      <Filter>Header Files\generated\gui_generated\screenlistlungime_1_screen</Filter>
    </ClInclude>
  </ItemGroup>
  <ItemGroup>
    <ResourceCompile Include="$(ApplicationRoot)\generated\simulator\touchgfx.rc">
      <Filter>Resource Files</Filter>
    </ResourceCompile>
  </ItemGroup>
</Project>
